
Microsoft Visual Studio Solution File, Format Version 12.00
# Visual Studio Version 16
VisualStudioVersion = 16.0.31424.327
MinimumVisualStudioVersion = 10.0.40219.1
Project("{9A19103F-16F7-4668-BE54-9A1E7A4F7556}") = "APIDiemThi", "APIDiemThi\APIDiemThi.csproj", "{176FF49B-5633-4C32-A9FB-FC0EF21D2CF0}"
EndProject
Project("{2150E333-8FDC-42A3-9474-1A3956D46DE8}") = "Solution Items", "Solution Items", "{5B2C5769-B4FE-40A8-9047-01BA28B7F518}"
	ProjectSection(SolutionItems) = preProject
		app.config = app.config
	EndProjectSection
EndProject
Global
	GlobalSection(SolutionConfigurationPlatforms) = preSolution
		Debug|Any CPU = Debug|Any CPU
		Release|Any CPU = Release|Any CPU
	EndGlobalSection
	GlobalSection(ProjectConfigurationPlatforms) = postSolution
		{176FF49B-5633-4C32-A9FB-FC0EF21D2CF0}.Debug|Any CPU.ActiveCfg = Debug|Any CPU
		{176FF49B-5633-4C32-A9FB-FC0EF21D2CF0}.Debug|Any CPU.Build.0 = Debug|Any CPU
		{176FF49B-5633-4C32-A9FB-FC0EF21D2CF0}.Release|Any CPU.ActiveCfg = Release|Any CPU
		{176FF49B-5633-4C32-A9FB-FC0EF21D2CF0}.Release|Any CPU.Build.0 = Release|Any CPU
	EndGlobalSection
	GlobalSection(SolutionProperties) = preSolution
		HideSolutionNode = FALSE
	EndGlobalSection
	GlobalSection(ExtensibilityGlobals) = postSolution
		SolutionGuid = {7021CBA5-8D5E-4E9D-97C1-27350EF4E31E}
	EndGlobalSection
EndGlobal
